{
  "name": "eagle2ae-clipboard",
  "version": "2.2.0",
  "lockfileVersion": 3,
  "requires": true,
  "packages": {
    "": {
      "name": "eagle2ae-clipboard",
      "version": "2.2.0",
      "license": "MIT",
      "dependencies": {
        "clipboard-event": "^1.6.0"
      }
    },
    "node_modules/clipboard-event": {
      "version": "1.6.0",
      "resolved": "https://registry.npmjs.org/clipboard-event/-/clipboard-event-1.6.0.tgz",
      "integrity": "sha512-a69QYimd43xM+5hcHkucs0V/QoiZz1fqEFRTnewOITVQOtypRLbCx76Q91Djn6h7O24817dQw44sFUxRYWIuYA==",
      "license": "MIT"
    }
  }
}
