{
  "name": "Eagle2Ae-Eagle",
  "version": "1.0.0",
  "lockfileVersion": 3,
  "requires": true,
  "packages": {
    "": {
      "dependencies": {
        "@crosscopy/clipboard": "^0.2.8",
        "fs-extra": "^11.3.1"
      }
    },
    "node_modules/@crosscopy/clipboard": {
      "version": "0.2.8",
      "resolved": "https://registry.npmjs.org/@crosscopy/clipboard/-/clipboard-0.2.8.tgz",
      "integrity": "sha512-0qRWscafAHzQ+DdfXX+YgPN2KDTIzWBNfN5Q6z1CgCWsRxtkwK8HfQUc00xIejfRWSGWPIxcCTg82hvg06bodg==",
      "license": "MIT",
      "engines": {
        "node": ">= 10"
      },
      "optionalDependencies": {
        "@crosscopy/clipboard-darwin-arm64": "0.2.8",
        "@crosscopy/clipboard-darwin-universal": "0.2.8",
        "@crosscopy/clipboard-darwin-x64": "0.2.8",
        "@crosscopy/clipboard-linux-arm64-gnu": "0.2.8",
        "@crosscopy/clipboard-linux-riscv64-gnu": "0.2.8",
        "@crosscopy/clipboard-linux-x64-gnu": "0.2.8",
        "@crosscopy/clipboard-win32-arm64-msvc": "0.2.8",
        "@crosscopy/clipboard-win32-x64-msvc": "0.2.8"
      }
    },
    "node_modules/@crosscopy/clipboard-darwin-arm64": {
      "version": "0.2.8",
      "resolved": "https://registry.npmjs.org/@crosscopy/clipboard-darwin-arm64/-/clipboard-darwin-arm64-0.2.8.tgz",
      "integrity": "sha512-Y36ST9k5JZgtDE6SBT45bDNkPKBHd4UEIZgWnC0iC4kAWwdjPmsZ8Mn8e5W0YUKowJ/BDcO+EGm2tVTPQOQKXg==",
      "cpu": [
        "arm64"
      ],
      "license": "MIT",
      "optional": true,
      "os": [
        "darwin"
      ],
      "engines": {
        "node": ">= 10"
      }
    },
    "node_modules/@crosscopy/clipboard-darwin-universal": {
      "version": "0.2.8",
      "resolved": "https://registry.npmjs.org/@crosscopy/clipboard-darwin-universal/-/clipboard-darwin-universal-0.2.8.tgz",
      "integrity": "sha512-btGV1tLpJWZ4iKa66niahvpZpVRJzgQnYUE+PUX3YYZzaWD0ESuHuVtKVC8sR+b4dsXIiWW5skXbcRmLsF4rtA==",
      "license": "MIT",
      "optional": true,
      "os": [
        "darwin"
      ],
      "engines": {
        "node": ">= 10"
      }
    },
    "node_modules/@crosscopy/clipboard-darwin-x64": {
      "version": "0.2.8",
      "resolved": "https://registry.npmjs.org/@crosscopy/clipboard-darwin-x64/-/clipboard-darwin-x64-0.2.8.tgz",
      "integrity": "sha512-0QMKf0XrLZrprYYXU4lgaTuzbnYPh9wH6PvsfDB1FZvWf6rOi0syTaBZYnoghbQe700qwLPEfBRjgljJ3Tn6oA==",
      "cpu": [
        "x64"
      ],
      "license": "MIT",
      "optional": true,
      "os": [
        "darwin"
      ],
      "engines": {
        "node": ">= 10"
      }
    },
    "node_modules/@crosscopy/clipboard-linux-arm64-gnu": {
      "version": "0.2.8",
      "resolved": "https://registry.npmjs.org/@crosscopy/clipboard-linux-arm64-gnu/-/clipboard-linux-arm64-gnu-0.2.8.tgz",
      "integrity": "sha512-8YrU03MRsygymqEcHkNgqCqSCQbYRmJCnMXeS4i8FYeOkAxBEeRvPbHoNmI10uppXJZNZgfIKM7Qqk9tEHiwqQ==",
      "cpu": [
        "arm64"
      ],
      "license": "MIT",
      "optional": true,
      "os": [
        "linux"
      ],
      "engines": {
        "node": ">= 10"
      }
    },
    "node_modules/@crosscopy/clipboard-linux-riscv64-gnu": {
      "version": "0.2.8",
      "resolved": "https://registry.npmjs.org/@crosscopy/clipboard-linux-riscv64-gnu/-/clipboard-linux-riscv64-gnu-0.2.8.tgz",
      "integrity": "sha512-/QWLhnb0QYVjEv5GOAC1q+1DaezYU8Th+IoDKUCsR5i43Cqm+g+N/I2K35yo3J+HHkK9XNbtIDZDXlFgK6tRUg==",
      "cpu": [
        "riscv64"
      ],
      "license": "MIT",
      "optional": true,
      "os": [
        "linux"
      ],
      "engines": {
        "node": ">= 10"
      }
    },
    "node_modules/@crosscopy/clipboard-linux-x64-gnu": {
      "version": "0.2.8",
      "resolved": "https://registry.npmjs.org/@crosscopy/clipboard-linux-x64-gnu/-/clipboard-linux-x64-gnu-0.2.8.tgz",
      "integrity": "sha512-j17eaF/onP/6VAGGKtxA1KmmkErmdjta9gMdMV/yUmgeBYzJ9fMpWUzbk2vmaOyXfhaSzR/sk1P6VLBmvCpqHg==",
      "cpu": [
        "x64"
      ],
      "license": "MIT",
      "optional": true,
      "os": [
        "linux"
      ],
      "engines": {
        "node": ">= 10"
      }
    },
    "node_modules/@crosscopy/clipboard-win32-arm64-msvc": {
      "version": "0.2.8",
      "resolved": "https://registry.npmjs.org/@crosscopy/clipboard-win32-arm64-msvc/-/clipboard-win32-arm64-msvc-0.2.8.tgz",
      "integrity": "sha512-MVkMyuYN3y5v0s4HrijM0iA8hZVmpUhHd8X4zKG30t4nE6MbOjOt/8EabMrVmGZlsLeOL2sa0o8Wo9bvhWU+vA==",
      "cpu": [
        "arm64"
      ],
      "license": "MIT",
      "optional": true,
      "os": [
        "win32"
      ],
      "engines": {
        "node": ">= 10"
      }
    },
    "node_modules/@crosscopy/clipboard-win32-x64-msvc": {
      "version": "0.2.8",
      "resolved": "https://registry.npmjs.org/@crosscopy/clipboard-win32-x64-msvc/-/clipboard-win32-x64-msvc-0.2.8.tgz",
      "integrity": "sha512-/GpiB4B3lSgg7eCLDQw9NfFjtQFjo0S88IL+EK54Hx7ZgAP4Ad/ezP/8dw0cA+N/M6iPYy0reCIjW9st82/uxw==",
      "cpu": [
        "x64"
      ],
      "license": "MIT",
      "optional": true,
      "os": [
        "win32"
      ],
      "engines": {
        "node": ">= 10"
      }
    },
    "node_modules/fs-extra": {
      "version": "11.3.1",
      "resolved": "https://registry.npmjs.org/fs-extra/-/fs-extra-11.3.1.tgz",
      "integrity": "sha512-eXvGGwZ5CL17ZSwHWd3bbgk7UUpF6IFHtP57NYYakPvHOs8GDgDe5KJI36jIJzDkJ6eJjuzRA8eBQb6SkKue0g==",
      "license": "MIT",
      "dependencies": {
        "graceful-fs": "^4.2.0",
        "jsonfile": "^6.0.1",
        "universalify": "^2.0.0"
      },
      "engines": {
        "node": ">=14.14"
      }
    },
    "node_modules/graceful-fs": {
      "version": "4.2.11",
      "resolved": "https://registry.npmjs.org/graceful-fs/-/graceful-fs-4.2.11.tgz",
      "integrity": "sha512-RbJ5/jmFcNNCcDV5o9eTnBLJ/HszWV0P73bc+Ff4nS/rJj+YaS6IGyiOL0VoBYX+l1Wrl3k63h/KrH+nhJ0XvQ==",
      "license": "ISC"
    },
    "node_modules/jsonfile": {
      "version": "6.2.0",
      "resolved": "https://registry.npmjs.org/jsonfile/-/jsonfile-6.2.0.tgz",
      "integrity": "sha512-FGuPw30AdOIUTRMC2OMRtQV+jkVj2cfPqSeWXv1NEAJ1qZ5zb1X6z1mFhbfOB/iy3ssJCD+3KuZ8r8C3uVFlAg==",
      "license": "MIT",
      "dependencies": {
        "universalify": "^2.0.0"
      },
      "optionalDependencies": {
        "graceful-fs": "^4.1.6"
      }
    },
    "node_modules/universalify": {
      "version": "2.0.1",
      "resolved": "https://registry.npmjs.org/universalify/-/universalify-2.0.1.tgz",
      "integrity": "sha512-gptHNQghINnc/vTGIk0SOFGFNXw7JVrlRUtConJRlvaw6DuX0wO5Jeko9sWrMBhh+PsYAZ7oXAiOnf/UKogyiw==",
      "license": "MIT",
      "engines": {
        "node": ">= 10.0.0"
      }
    }
  }
}
